// !$*UTF8*$!
{
	archiveVersion = 1;
	classes = {
	};
	objectVersion = 56;
	objects = {

/* Begin PBXBuildFile section */
		E3377F022A8AD3570033EEB1 /* ChefDeliveryApp.swift in Sources */ = {isa = PBXBuildFile; fileRef = E3377F012A8AD3570033EEB1 /* ChefDeliveryApp.swift */; };
		E3377F042A8AD3570033EEB1 /* ContentView.swift in Sources */ = {isa = PBXBuildFile; fileRef = E3377F032A8AD3570033EEB1 /* ContentView.swift */; };
		E3377F062A8AD3590033EEB1 /* Assets.xcassets in Resources */ = {isa = PBXBuildFile; fileRef = E3377F052A8AD3590033EEB1 /* Assets.xcassets */; };
		E3377F092A8AD3590033EEB1 /* Preview Assets.xcassets in Resources */ = {isa = PBXBuildFile; fileRef = E3377F082A8AD3590033EEB1 /* Preview Assets.xcassets */; };
		E34A8A142A9156D10079F184 /* OrderTypeView.swift in Sources */ = {isa = PBXBuildFile; fileRef = E34A8A132A9156D10079F184 /* OrderTypeView.swift */; };
		E3798B1A2A8C1C830061D265 /* NavigationBar.swift in Sources */ = {isa = PBXBuildFile; fileRef = E3798B192A8C1C830061D265 /* NavigationBar.swift */; };
		E37FE5A62A915F0300FCF714 /* CarouselItemView.swift in Sources */ = {isa = PBXBuildFile; fileRef = E37FE5A52A915F0300FCF714 /* CarouselItemView.swift */; };
		E37FE5A92A9160B700FCF714 /* CarouselTabView.swift in Sources */ = {isa = PBXBuildFile; fileRef = E37FE5A82A9160B600FCF714 /* CarouselTabView.swift */; };
		E3C497132A8C23BF001EE24E /* OrderTypeGridView.swift in Sources */ = {isa = PBXBuildFile; fileRef = E3C497122A8C23BF001EE24E /* OrderTypeGridView.swift */; };
		E3C497162A8C27D7001EE24E /* OrderType.swift in Sources */ = {isa = PBXBuildFile; fileRef = E3C497152A8C27D7001EE24E /* OrderType.swift */; };
		E3C497182A8C2866001EE24E /* DataSourceMock.swift in Sources */ = {isa = PBXBuildFile; fileRef = E3C497172A8C2866001EE24E /* DataSourceMock.swift */; };
/* End PBXBuildFile section */

/* Begin PBXFileReference section */
		E3377EFE2A8AD3570033EEB1 /* ChefDelivery.app */ = {isa = PBXFileReference; explicitFileType = wrapper.application; includeInIndex = 0; path = ChefDelivery.app; sourceTree = BUILT_PRODUCTS_DIR; };
		E3377F012A8AD3570033EEB1 /* ChefDeliveryApp.swift */ = {isa = PBXFileReference; lastKnownFileType = sourcecode.swift; path = ChefDeliveryApp.swift; sourceTree = "<group>"; };
		E3377F032A8AD3570033EEB1 /* ContentView.swift */ = {isa = PBXFileReference; lastKnownFileType = sourcecode.swift; path = ContentView.swift; sourceTree = "<group>"; };
		E3377F052A8AD3590033EEB1 /* Assets.xcassets */ = {isa = PBXFileReference; lastKnownFileType = folder.assetcatalog; path = Assets.xcassets; sourceTree = "<group>"; };
		E3377F082A8AD3590033EEB1 /* Preview Assets.xcassets */ = {isa = PBXFileReference; lastKnownFileType = folder.assetcatalog; path = "Preview Assets.xcassets"; sourceTree = "<group>"; };
		E34A8A132A9156D10079F184 /* OrderTypeView.swift */ = {isa = PBXFileReference; lastKnownFileType = sourcecode.swift; path = OrderTypeView.swift; sourceTree = "<group>"; };
		E3798B192A8C1C830061D265 /* NavigationBar.swift */ = {isa = PBXFileReference; lastKnownFileType = sourcecode.swift; path = NavigationBar.swift; sourceTree = "<group>"; };
		E37FE5A52A915F0300FCF714 /* CarouselItemView.swift */ = {isa = PBXFileReference; lastKnownFileType = sourcecode.swift; path = CarouselItemView.swift; sourceTree = "<group>"; };
		E37FE5A82A9160B600FCF714 /* CarouselTabView.swift */ = {isa = PBXFileReference; lastKnownFileType = sourcecode.swift; path = CarouselTabView.swift; sourceTree = "<group>"; };
		E3C497122A8C23BF001EE24E /* OrderTypeGridView.swift */ = {isa = PBXFileReference; lastKnownFileType = sourcecode.swift; path = OrderTypeGridView.swift; sourceTree = "<group>"; };
		E3C497152A8C27D7001EE24E /* OrderType.swift */ = {isa = PBXFileReference; lastKnownFileType = sourcecode.swift; path = OrderType.swift; sourceTree = "<group>"; };
		E3C497172A8C2866001EE24E /* DataSourceMock.swift */ = {isa = PBXFileReference; lastKnownFileType = sourcecode.swift; path = DataSourceMock.swift; sourceTree = "<group>"; };
/* End PBXFileReference section */

/* Begin PBXFrameworksBuildPhase section */
		E3377EFB2A8AD3570033EEB1 /* Frameworks */ = {
			isa = PBXFrameworksBuildPhase;
			buildActionMask = 2147483647;
			files = (
			);
			runOnlyForDeploymentPostprocessing = 0;
		};
/* End PBXFrameworksBuildPhase section */

/* Begin PBXGroup section */
		E3377EF52A8AD3570033EEB1 = {
			isa = PBXGroup;
			children = (
				E3377F002A8AD3570033EEB1 /* ChefDelivery */,
				E3377EFF2A8AD3570033EEB1 /* Products */,
			);
			sourceTree = "<group>";
		};
		E3377EFF2A8AD3570033EEB1 /* Products */ = {
			isa = PBXGroup;
			children = (
				E3377EFE2A8AD3570033EEB1 /* ChefDelivery.app */,
			);
			name = Products;
			sourceTree = "<group>";
		};
		E3377F002A8AD3570033EEB1 /* ChefDelivery */ = {
			isa = PBXGroup;
			children = (
				E3798B182A8C1C540061D265 /* App */,
				E3C497142A8C27B8001EE24E /* Model */,
				E3798B172A8C1C490061D265 /* NavigationBar */,
				E3C497112A8C238B001EE24E /* GridView */,
				E37FE5A42A915EE800FCF714 /* CarouselView */,
				E3377F052A8AD3590033EEB1 /* Assets.xcassets */,
				E3377F072A8AD3590033EEB1 /* Preview Content */,
			);
			path = ChefDelivery;
			sourceTree = "<group>";
		};
		E3377F072A8AD3590033EEB1 /* Preview Content */ = {
			isa = PBXGroup;
			children = (
				E3377F082A8AD3590033EEB1 /* Preview Assets.xcassets */,
			);
			path = "Preview Content";
			sourceTree = "<group>";
		};
		E3798B172A8C1C490061D265 /* NavigationBar */ = {
			isa = PBXGroup;
			children = (
				E3798B192A8C1C830061D265 /* NavigationBar.swift */,
			);
			path = NavigationBar;
			sourceTree = "<group>";
		};
		E3798B182A8C1C540061D265 /* App */ = {
			isa = PBXGroup;
			children = (
				E3377F012A8AD3570033EEB1 /* ChefDeliveryApp.swift */,
				E3377F032A8AD3570033EEB1 /* ContentView.swift */,
			);
			path = App;
			sourceTree = "<group>";
		};
		E37FE5A42A915EE800FCF714 /* CarouselView */ = {
			isa = PBXGroup;
			children = (
				E37FE5A72A9160A500FCF714 /* New Group */,
				E37FE5A52A915F0300FCF714 /* CarouselItemView.swift */,
			);
			path = CarouselView;
			sourceTree = "<group>";
		};
		E37FE5A72A9160A500FCF714 /* New Group */ = {
			isa = PBXGroup;
			children = (
				E37FE5A82A9160B600FCF714 /* CarouselTabView.swift */,
			);
			path = "New Group";
			sourceTree = "<group>";
		};
		E3C497112A8C238B001EE24E /* GridView */ = {
			isa = PBXGroup;
			children = (
				E3C497122A8C23BF001EE24E /* OrderTypeGridView.swift */,
				E34A8A132A9156D10079F184 /* OrderTypeView.swift */,
			);
			path = GridView;
			sourceTree = "<group>";
		};
		E3C497142A8C27B8001EE24E /* Model */ = {
			isa = PBXGroup;
			children = (
				E3C497152A8C27D7001EE24E /* OrderType.swift */,
				E3C497172A8C2866001EE24E /* DataSourceMock.swift */,
			);
			path = Model;
			sourceTree = "<group>";
		};
/* End PBXGroup section */

/* Begin PBXNativeTarget section */
		E3377EFD2A8AD3570033EEB1 /* ChefDelivery */ = {
			isa = PBXNativeTarget;
			buildConfigurationList = E3377F0C2A8AD3590033EEB1 /* Build configuration list for PBXNativeTarget "ChefDelivery" */;
			buildPhases = (
				E3377EFA2A8AD3570033EEB1 /* Sources */,
				E3377EFB2A8AD3570033EEB1 /* Frameworks */,
				E3377EFC2A8AD3570033EEB1 /* Resources */,
			);
			buildRules = (
			);
			dependencies = (
			);
			name = ChefDelivery;
			productName = ChefDelivery;
			productReference = E3377EFE2A8AD3570033EEB1 /* ChefDelivery.app */;
			productType = "com.apple.product-type.application";
		};
/* End PBXNativeTarget section */

/* Begin PBXProject section */
		E3377EF62A8AD3570033EEB1 /* Project object */ = {
			isa = PBXProject;
			attributes = {
				BuildIndependentTargetsInParallel = 1;
				LastSwiftUpdateCheck = 1430;
				LastUpgradeCheck = 1430;
				TargetAttributes = {
					E3377EFD2A8AD3570033EEB1 = {
						CreatedOnToolsVersion = 14.3.1;
					};
				};
			};
			buildConfigurationList = E3377EF92A8AD3570033EEB1 /* Build configuration list for PBXProject "ChefDelivery" */;
			compatibilityVersion = "Xcode 14.0";
			developmentRegion = en;
			hasScannedForEncodings = 0;
			knownRegions = (
				en,
				Base,
			);
			mainGroup = E3377EF52A8AD3570033EEB1;
			productRefGroup = E3377EFF2A8AD3570033EEB1 /* Products */;
			projectDirPath = "";
			projectRoot = "";
			targets = (
				E3377EFD2A8AD3570033EEB1 /* ChefDelivery */,
			);
		};
/* End PBXProject section */

/* Begin PBXResourcesBuildPhase section */
		E3377EFC2A8AD3570033EEB1 /* Resources */ = {
			isa = PBXResourcesBuildPhase;
			buildActionMask = 2147483647;
			files = (
				E3377F092A8AD3590033EEB1 /* Preview Assets.xcassets in Resources */,
				E3377F062A8AD3590033EEB1 /* Assets.xcassets in Resources */,
			);
			runOnlyForDeploymentPostprocessing = 0;
		};
/* End PBXResourcesBuildPhase section */

/* Begin PBXSourcesBuildPhase section */
		E3377EFA2A8AD3570033EEB1 /* Sources */ = {
			isa = PBXSourcesBuildPhase;
			buildActionMask = 2147483647;
			files = (
				E3C497162A8C27D7001EE24E /* OrderType.swift in Sources */,
				E37FE5A62A915F0300FCF714 /* CarouselItemView.swift in Sources */,
				E3377F042A8AD3570033EEB1 /* ContentView.swift in Sources */,
				E3C497182A8C2866001EE24E /* DataSourceMock.swift in Sources */,
				E34A8A142A9156D10079F184 /* OrderTypeView.swift in Sources */,
				E3C497132A8C23BF001EE24E /* OrderTypeGridView.swift in Sources */,
				E3377F022A8AD3570033EEB1 /* ChefDeliveryApp.swift in Sources */,
				E3798B1A2A8C1C830061D265 /* NavigationBar.swift in Sources */,
				E37FE5A92A9160B700FCF714 /* CarouselTabView.swift in Sources */,
			);
			runOnlyForDeploymentPostprocessing = 0;
		};
/* End PBXSourcesBuildPhase section */

/* Begin XCBuildConfiguration section */
		E3377F0A2A8AD3590033EEB1 /* Debug */ = {
			isa = XCBuildConfiguration;
			buildSettings = {
				ALWAYS_SEARCH_USER_PATHS = NO;
				CLANG_ANALYZER_NONNULL = YES;
				CLANG_ANALYZER_NUMBER_OBJECT_CONVERSION = YES_AGGRESSIVE;
				CLANG_CXX_LANGUAGE_STANDARD = "gnu++20";
				CLANG_ENABLE_MODULES = YES;
				CLANG_ENABLE_OBJC_ARC = YES;
				CLANG_ENABLE_OBJC_WEAK = YES;
				CLANG_WARN_BLOCK_CAPTURE_AUTORELEASING = YES;
				CLANG_WARN_BOOL_CONVERSION = YES;
				CLANG_WARN_COMMA = YES;
				CLANG_WARN_CONSTANT_CONVERSION = YES;
				CLANG_WARN_DEPRECATED_OBJC_IMPLEMENTATIONS = YES;
				CLANG_WARN_DIRECT_OBJC_ISA_USAGE = YES_ERROR;
				CLANG_WARN_DOCUMENTATION_COMMENTS = YES;
				CLANG_WARN_EMPTY_BODY = YES;
				CLANG_WARN_ENUM_CONVERSION = YES;
				CLANG_WARN_INFINITE_RECURSION = YES;
				CLANG_WARN_INT_CONVERSION = YES;
				CLANG_WARN_NON_LITERAL_NULL_CONVERSION = YES;
				CLANG_WARN_OBJC_IMPLICIT_RETAIN_SELF = YES;
				CLANG_WARN_OBJC_LITERAL_CONVERSION = YES;
				CLANG_WARN_OBJC_ROOT_CLASS = YES_ERROR;
				CLANG_WARN_QUOTED_INCLUDE_IN_FRAMEWORK_HEADER = YES;
				CLANG_WARN_RANGE_LOOP_ANALYSIS = YES;
				CLANG_WARN_STRICT_PROTOTYPES = YES;
				CLANG_WARN_SUSPICIOUS_MOVE = YES;
				CLANG_WARN_UNGUARDED_AVAILABILITY = YES_AGGRESSIVE;
				CLANG_WARN_UNREACHABLE_CODE = YES;
				CLANG_WARN__DUPLICATE_METHOD_MATCH = YES;
				COPY_PHASE_STRIP = NO;
				DEBUG_INFORMATION_FORMAT = dwarf;
				ENABLE_STRICT_OBJC_MSGSEND = YES;
				ENABLE_TESTABILITY = YES;
				GCC_C_LANGUAGE_STANDARD = gnu11;
				GCC_DYNAMIC_NO_PIC = NO;
				GCC_NO_COMMON_BLOCKS = YES;
				GCC_OPTIMIZATION_LEVEL = 0;
				GCC_PREPROCESSOR_DEFINITIONS = (
					"DEBUG=1",
					"$(inherited)",
				);
				GCC_WARN_64_TO_32_BIT_CONVERSION = YES;
				GCC_WARN_ABOUT_RETURN_TYPE = YES_ERROR;
				GCC_WARN_UNDECLARED_SELECTOR = YES;
				GCC_WARN_UNINITIALIZED_AUTOS = YES_AGGRESSIVE;
				GCC_WARN_UNUSED_FUNCTION = YES;
				GCC_WARN_UNUSED_VARIABLE = YES;
				IPHONEOS_DEPLOYMENT_TARGET = 16.4;
				MTL_ENABLE_DEBUG_INFO = INCLUDE_SOURCE;
				MTL_FAST_MATH = YES;
				ONLY_ACTIVE_ARCH = YES;
				SDKROOT = iphoneos;
				SWIFT_ACTIVE_COMPILATION_CONDITIONS = DEBUG;
				SWIFT_OPTIMIZATION_LEVEL = "-Onone";
			};
			name = Debug;
		};
		E3377F0B2A8AD3590033EEB1 /* Release */ = {
			isa = XCBuildConfiguration;
			buildSettings = {
				ALWAYS_SEARCH_USER_PATHS = NO;
				CLANG_ANALYZER_NONNULL = YES;
				CLANG_ANALYZER_NUMBER_OBJECT_CONVERSION = YES_AGGRESSIVE;
				CLANG_CXX_LANGUAGE_STANDARD = "gnu++20";
				CLANG_ENABLE_MODULES = YES;
				CLANG_ENABLE_OBJC_ARC = YES;
				CLANG_ENABLE_OBJC_WEAK = YES;
				CLANG_WARN_BLOCK_CAPTURE_AUTORELEASING = YES;
				CLANG_WARN_BOOL_CONVERSION = YES;
				CLANG_WARN_COMMA = YES;
				CLANG_WARN_CONSTANT_CONVERSION = YES;
				CLANG_WARN_DEPRECATED_OBJC_IMPLEMENTATIONS = YES;
				CLANG_WARN_DIRECT_OBJC_ISA_USAGE = YES_ERROR;
				CLANG_WARN_DOCUMENTATION_COMMENTS = YES;
				CLANG_WARN_EMPTY_BODY = YES;
				CLANG_WARN_ENUM_CONVERSION = YES;
				CLANG_WARN_INFINITE_RECURSION = YES;
				CLANG_WARN_INT_CONVERSION = YES;
				CLANG_WARN_NON_LITERAL_NULL_CONVERSION = YES;
				CLANG_WARN_OBJC_IMPLICIT_RETAIN_SELF = YES;
				CLANG_WARN_OBJC_LITERAL_CONVERSION = YES;
				CLANG_WARN_OBJC_ROOT_CLASS = YES_ERROR;
				CLANG_WARN_QUOTED_INCLUDE_IN_FRAMEWORK_HEADER = YES;
				CLANG_WARN_RANGE_LOOP_ANALYSIS = YES;
				CLANG_WARN_STRICT_PROTOTYPES = YES;
				CLANG_WARN_SUSPICIOUS_MOVE = YES;
				CLANG_WARN_UNGUARDED_AVAILABILITY = YES_AGGRESSIVE;
				CLANG_WARN_UNREACHABLE_CODE = YES;
				CLANG_WARN__DUPLICATE_METHOD_MATCH = YES;
				COPY_PHASE_STRIP = NO;
				DEBUG_INFORMATION_FORMAT = "dwarf-with-dsym";
				ENABLE_NS_ASSERTIONS = NO;
				ENABLE_STRICT_OBJC_MSGSEND = YES;
				GCC_C_LANGUAGE_STANDARD = gnu11;
				GCC_NO_COMMON_BLOCKS = YES;
				GCC_WARN_64_TO_32_BIT_CONVERSION = YES;
				GCC_WARN_ABOUT_RETURN_TYPE = YES_ERROR;
				GCC_WARN_UNDECLARED_SELECTOR = YES;
				GCC_WARN_UNINITIALIZED_AUTOS = YES_AGGRESSIVE;
				GCC_WARN_UNUSED_FUNCTION = YES;
				GCC_WARN_UNUSED_VARIABLE = YES;
				IPHONEOS_DEPLOYMENT_TARGET = 16.4;
				MTL_ENABLE_DEBUG_INFO = NO;
				MTL_FAST_MATH = YES;
				SDKROOT = iphoneos;
				SWIFT_COMPILATION_MODE = wholemodule;
				SWIFT_OPTIMIZATION_LEVEL = "-O";
				VALIDATE_PRODUCT = YES;
			};
			name = Release;
		};
		E3377F0D2A8AD3590033EEB1 /* Debug */ = {
			isa = XCBuildConfiguration;
			buildSettings = {
				ASSETCATALOG_COMPILER_APPICON_NAME = AppIcon;
				ASSETCATALOG_COMPILER_GLOBAL_ACCENT_COLOR_NAME = AccentColor;
				CODE_SIGN_STYLE = Automatic;
				CURRENT_PROJECT_VERSION = 1;
				DEVELOPMENT_ASSET_PATHS = "\"ChefDelivery/Preview Content\"";
				ENABLE_PREVIEWS = YES;
				GENERATE_INFOPLIST_FILE = YES;
				INFOPLIST_KEY_UIApplicationSceneManifest_Generation = YES;
				INFOPLIST_KEY_UIApplicationSupportsIndirectInputEvents = YES;
				INFOPLIST_KEY_UILaunchScreen_Generation = YES;
				INFOPLIST_KEY_UISupportedInterfaceOrientations_iPad = "UIInterfaceOrientationPortrait UIInterfaceOrientationPortraitUpsideDown UIInterfaceOrientationLandscapeLeft UIInterfaceOrientationLandscapeRight";
				INFOPLIST_KEY_UISupportedInterfaceOrientations_iPhone = "UIInterfaceOrientationPortrait UIInterfaceOrientationLandscapeLeft UIInterfaceOrientationLandscapeRight";
				LD_RUNPATH_SEARCH_PATHS = (
					"$(inherited)",
					"@executable_path/Frameworks",
				);
				MARKETING_VERSION = 1.0;
				PRODUCT_BUNDLE_IDENTIFIER = com.souzaleandror.ChefDelivery;
				PRODUCT_NAME = "$(TARGET_NAME)";
				SWIFT_EMIT_LOC_STRINGS = YES;
				SWIFT_VERSION = 5.0;
				TARGETED_DEVICE_FAMILY = "1,2";
			};
			name = Debug;
		};
		E3377F0E2A8AD3590033EEB1 /* Release */ = {
			isa = XCBuildConfiguration;
			buildSettings = {
				ASSETCATALOG_COMPILER_APPICON_NAME = AppIcon;
				ASSETCATALOG_COMPILER_GLOBAL_ACCENT_COLOR_NAME = AccentColor;
				CODE_SIGN_STYLE = Automatic;
				CURRENT_PROJECT_VERSION = 1;
				DEVELOPMENT_ASSET_PATHS = "\"ChefDelivery/Preview Content\"";
				ENABLE_PREVIEWS = YES;
				GENERATE_INFOPLIST_FILE = YES;
				INFOPLIST_KEY_UIApplicationSceneManifest_Generation = YES;
				INFOPLIST_KEY_UIApplicationSupportsIndirectInputEvents = YES;
				INFOPLIST_KEY_UILaunchScreen_Generation = YES;
				INFOPLIST_KEY_UISupportedInterfaceOrientations_iPad = "UIInterfaceOrientationPortrait UIInterfaceOrientationPortraitUpsideDown UIInterfaceOrientationLandscapeLeft UIInterfaceOrientationLandscapeRight";
				INFOPLIST_KEY_UISupportedInterfaceOrientations_iPhone = "UIInterfaceOrientationPortrait UIInterfaceOrientationLandscapeLeft UIInterfaceOrientationLandscapeRight";
				LD_RUNPATH_SEARCH_PATHS = (
					"$(inherited)",
					"@executable_path/Frameworks",
				);
				MARKETING_VERSION = 1.0;
				PRODUCT_BUNDLE_IDENTIFIER = com.souzaleandror.ChefDelivery;
				PRODUCT_NAME = "$(TARGET_NAME)";
				SWIFT_EMIT_LOC_STRINGS = YES;
				SWIFT_VERSION = 5.0;
				TARGETED_DEVICE_FAMILY = "1,2";
			};
			name = Release;
		};
/* End XCBuildConfiguration section */

/* Begin XCConfigurationList section */
		E3377EF92A8AD3570033EEB1 /* Build configuration list for PBXProject "ChefDelivery" */ = {
			isa = XCConfigurationList;
			buildConfigurations = (
				E3377F0A2A8AD3590033EEB1 /* Debug */,
				E3377F0B2A8AD3590033EEB1 /* Release */,
			);
			defaultConfigurationIsVisible = 0;
			defaultConfigurationName = Release;
		};
		E3377F0C2A8AD3590033EEB1 /* Build configuration list for PBXNativeTarget "ChefDelivery" */ = {
			isa = XCConfigurationList;
			buildConfigurations = (
				E3377F0D2A8AD3590033EEB1 /* Debug */,
				E3377F0E2A8AD3590033EEB1 /* Release */,
			);
			defaultConfigurationIsVisible = 0;
			defaultConfigurationName = Release;
		};
/* End XCConfigurationList section */
	};
	rootObject = E3377EF62A8AD3570033EEB1 /* Project object */;
}
